{
  "name": "worker",
  "lockfileVersion": 3,
  "requires": true,
  "packages": {
    "": {
      "dependencies": {
        "hono": "4.13.2"
      }
    },
    "node_modules/hono": {
      "version": "4.13.2",
      "resolved": "https://registry.npmjs.org/hono/-/hono-4.13.2.tgz",
      "integrity": "sha512-JydRilDRkYBQMt9qR9U92mXxmbGqsqSn/IKOrh4e7/gEbn+0zSr8igTu0obwJoNGN4sez28DIql7FBHWydoJpA==",
      "license": "MIT",
      "engines": {
        "node": ">=16.9.0"
      }
    }
  }
}
