lockfileVersion: '9.0'

settings:
  autoInstallPeers: true
  excludeLinksFromLockfile: false

importers:

  .:
    dependencies:
      hono:
        specifier: ^4.10.6
        version: 4.13.2

packages:

  hono@4.13.2:
    resolution: {integrity: sha512-JydRilDRkYBQMt9qR9U92mXxmbGqsqSn/IKOrh4e7/gEbn+0zSr8igTu0obwJoNGN4sez28DIql7FBHWydoJpA==}
    engines: {node: '>=16.9.0'}

snapshots:

  hono@4.13.2: {}
